
Microsoft Visual Studio Solution File, Format Version 12.00
# Visual Studio 2013
VisualStudioVersion = 12.0.30723.0
MinimumVisualStudioVersion = 10.0.40219.1
Project("{2150E333-8FDC-42A3-9474-1A3956D46DE8}") = "Solution Items", "Solution Items", "{7F58AA6B-5E0B-457C-9C5F-4DF1995FB1BB}"
	ProjectSection(SolutionItems) = preProject
		Windows Azure MSDN - Visual Studio Ultimate-7-19-2013-credentials.publishsettings = Windows Azure MSDN - Visual Studio Ultimate-7-19-2013-credentials.publishsettings
	EndProjectSection
EndProject
Project("{CC5FD16D-436D-48AD-A40C-5A424C6E3E79}") = "CloudMovie", "CloudMovie\CloudMovie.ccproj", "{B052414F-2F75-4768-9BD9-63D3D83E411C}"
	ProjectSection(ProjectDependencies) = postProject
		{9380BB56-805B-41B7-9733-B4C18CB0E5E9} = {9380BB56-805B-41B7-9733-B4C18CB0E5E9}
		{1F996680-E16A-4BB3-BD9B-561F45F348CA} = {1F996680-E16A-4BB3-BD9B-561F45F348CA}
		{98889880-CC0A-4CD5-9F51-433A8CBD6C3E} = {98889880-CC0A-4CD5-9F51-433A8CBD6C3E}
		{43457783-9306-4EBE-9100-C90890C48236} = {43457783-9306-4EBE-9100-C90890C48236}
	EndProjectSection
EndProject
Project("{FAE04EC0-301F-11D3-BF4B-00C04F79EFBC}") = "WebApiRole", "MvcWebRole1\WebApiRole.csproj", "{1F996680-E16A-4BB3-BD9B-561F45F348CA}"
	ProjectSection(ProjectDependencies) = postProject
		{98889880-CC0A-4CD5-9F51-433A8CBD6C3E} = {98889880-CC0A-4CD5-9F51-433A8CBD6C3E}
	EndProjectSection
EndProject
Project("{FAE04EC0-301F-11D3-BF4B-00C04F79EFBC}") = "DataStoreLib", "DataStoreLib\DataStoreLib.csproj", "{85319D65-37E0-49B0-BBB8-6143CDA747C6}"
EndProject
Project("{FAE04EC0-301F-11D3-BF4B-00C04F79EFBC}") = "SearchLib", "SearchLib\SearchLib.csproj", "{26F374D4-322F-404A-911E-86F8476BD740}"
EndProject
Project("{FAE04EC0-301F-11D3-BF4B-00C04F79EFBC}") = "EditorialRole", "MvcWebRole2\EditorialRole.csproj", "{43457783-9306-4EBE-9100-C90890C48236}"
EndProject
Project("{FAE04EC0-301F-11D3-BF4B-00C04F79EFBC}") = "LuceneSearchLibrary", "LuceneSearchLibrary\LuceneSearchLibrary.csproj", "{AF244AFD-73B7-4A2B-8645-509117379A94}"
EndProject
Project("{FAE04EC0-301F-11D3-BF4B-00C04F79EFBC}") = "Crawler", "Crawler\Crawler.csproj", "{7ABBD967-AD76-4EC6-B37F-7A4CD15CD123}"
EndProject
Project("{FAE04EC0-301F-11D3-BF4B-00C04F79EFBC}") = "SmartMonkey", "SmartMonkey\SmartMonkey.csproj", "{98889880-CC0A-4CD5-9F51-433A8CBD6C3E}"
EndProject
Project("{FAE04EC0-301F-11D3-BF4B-00C04F79EFBC}") = "APIRole", "APIRole\APIRole.csproj", "{9380BB56-805B-41B7-9733-B4C18CB0E5E9}"
	ProjectSection(ProjectDependencies) = postProject
		{7ABBD967-AD76-4EC6-B37F-7A4CD15CD123} = {7ABBD967-AD76-4EC6-B37F-7A4CD15CD123}
		{98889880-CC0A-4CD5-9F51-433A8CBD6C3E} = {98889880-CC0A-4CD5-9F51-433A8CBD6C3E}
		{26F374D4-322F-404A-911E-86F8476BD740} = {26F374D4-322F-404A-911E-86F8476BD740}
		{AF244AFD-73B7-4A2B-8645-509117379A94} = {AF244AFD-73B7-4A2B-8645-509117379A94}
	EndProjectSection
EndProject
Project("{FAE04EC0-301F-11D3-BF4B-00C04F79EFBC}") = "TestConsoleApplication", "TestConsoleApplication\TestConsoleApplication.csproj", "{96A3D152-6C01-41D3-A1F3-AC2C193703F5}"
EndProject
Global
	GlobalSection(SolutionConfigurationPlatforms) = preSolution
		Debug|Any CPU = Debug|Any CPU
		Release|Any CPU = Release|Any CPU
	EndGlobalSection
	GlobalSection(ProjectConfigurationPlatforms) = postSolution
		{B052414F-2F75-4768-9BD9-63D3D83E411C}.Debug|Any CPU.ActiveCfg = Debug|Any CPU
		{B052414F-2F75-4768-9BD9-63D3D83E411C}.Debug|Any CPU.Build.0 = Debug|Any CPU
		{B052414F-2F75-4768-9BD9-63D3D83E411C}.Release|Any CPU.ActiveCfg = Release|Any CPU
		{B052414F-2F75-4768-9BD9-63D3D83E411C}.Release|Any CPU.Build.0 = Release|Any CPU
		{1F996680-E16A-4BB3-BD9B-561F45F348CA}.Debug|Any CPU.ActiveCfg = Debug|Any CPU
		{1F996680-E16A-4BB3-BD9B-561F45F348CA}.Debug|Any CPU.Build.0 = Debug|Any CPU
		{1F996680-E16A-4BB3-BD9B-561F45F348CA}.Release|Any CPU.ActiveCfg = Release|Any CPU
		{1F996680-E16A-4BB3-BD9B-561F45F348CA}.Release|Any CPU.Build.0 = Release|Any CPU
		{85319D65-37E0-49B0-BBB8-6143CDA747C6}.Debug|Any CPU.ActiveCfg = Debug|Any CPU
		{85319D65-37E0-49B0-BBB8-6143CDA747C6}.Debug|Any CPU.Build.0 = Debug|Any CPU
		{85319D65-37E0-49B0-BBB8-6143CDA747C6}.Release|Any CPU.ActiveCfg = Release|Any CPU
		{85319D65-37E0-49B0-BBB8-6143CDA747C6}.Release|Any CPU.Build.0 = Release|Any CPU
		{26F374D4-322F-404A-911E-86F8476BD740}.Debug|Any CPU.ActiveCfg = Debug|Any CPU
		{26F374D4-322F-404A-911E-86F8476BD740}.Debug|Any CPU.Build.0 = Debug|Any CPU
		{26F374D4-322F-404A-911E-86F8476BD740}.Release|Any CPU.ActiveCfg = Release|Any CPU
		{26F374D4-322F-404A-911E-86F8476BD740}.Release|Any CPU.Build.0 = Release|Any CPU
		{43457783-9306-4EBE-9100-C90890C48236}.Debug|Any CPU.ActiveCfg = Debug|Any CPU
		{43457783-9306-4EBE-9100-C90890C48236}.Debug|Any CPU.Build.0 = Debug|Any CPU
		{43457783-9306-4EBE-9100-C90890C48236}.Release|Any CPU.ActiveCfg = Release|Any CPU
		{43457783-9306-4EBE-9100-C90890C48236}.Release|Any CPU.Build.0 = Release|Any CPU
		{AF244AFD-73B7-4A2B-8645-509117379A94}.Debug|Any CPU.ActiveCfg = Debug|Any CPU
		{AF244AFD-73B7-4A2B-8645-509117379A94}.Debug|Any CPU.Build.0 = Debug|Any CPU
		{AF244AFD-73B7-4A2B-8645-509117379A94}.Release|Any CPU.ActiveCfg = Release|Any CPU
		{AF244AFD-73B7-4A2B-8645-509117379A94}.Release|Any CPU.Build.0 = Release|Any CPU
		{7ABBD967-AD76-4EC6-B37F-7A4CD15CD123}.Debug|Any CPU.ActiveCfg = Debug|Any CPU
		{7ABBD967-AD76-4EC6-B37F-7A4CD15CD123}.Debug|Any CPU.Build.0 = Debug|Any CPU
		{7ABBD967-AD76-4EC6-B37F-7A4CD15CD123}.Release|Any CPU.ActiveCfg = Release|Any CPU
		{7ABBD967-AD76-4EC6-B37F-7A4CD15CD123}.Release|Any CPU.Build.0 = Release|Any CPU
		{98889880-CC0A-4CD5-9F51-433A8CBD6C3E}.Debug|Any CPU.ActiveCfg = Debug|Any CPU
		{98889880-CC0A-4CD5-9F51-433A8CBD6C3E}.Debug|Any CPU.Build.0 = Debug|Any CPU
		{98889880-CC0A-4CD5-9F51-433A8CBD6C3E}.Release|Any CPU.ActiveCfg = Debug|Any CPU
		{98889880-CC0A-4CD5-9F51-433A8CBD6C3E}.Release|Any CPU.Build.0 = Debug|Any CPU
		{9380BB56-805B-41B7-9733-B4C18CB0E5E9}.Debug|Any CPU.ActiveCfg = Debug|Any CPU
		{9380BB56-805B-41B7-9733-B4C18CB0E5E9}.Debug|Any CPU.Build.0 = Debug|Any CPU
		{9380BB56-805B-41B7-9733-B4C18CB0E5E9}.Release|Any CPU.ActiveCfg = Release|Any CPU
		{9380BB56-805B-41B7-9733-B4C18CB0E5E9}.Release|Any CPU.Build.0 = Release|Any CPU
		{96A3D152-6C01-41D3-A1F3-AC2C193703F5}.Debug|Any CPU.ActiveCfg = Debug|Any CPU
		{96A3D152-6C01-41D3-A1F3-AC2C193703F5}.Debug|Any CPU.Build.0 = Debug|Any CPU
		{96A3D152-6C01-41D3-A1F3-AC2C193703F5}.Release|Any CPU.ActiveCfg = Release|Any CPU
		{96A3D152-6C01-41D3-A1F3-AC2C193703F5}.Release|Any CPU.Build.0 = Release|Any CPU
	EndGlobalSection
	GlobalSection(SolutionProperties) = preSolution
		HideSolutionNode = FALSE
	EndGlobalSection
EndGlobal
